
Microsoft Visual Studio Solution File, Format Version 12.00
# Visual Studio Version 16
VisualStudioVersion = 16.0.29009.5
MinimumVisualStudioVersion = 10.0.40219.1
Project("{FAE04EC0-301F-11D3-BF4B-00C04F79EFBC}") = "SpaceFlights", "SpaceFlights\SpaceFlights.csproj", "{57699BDE-77ED-4B17-934B-526F5470B1A3}"
EndProject
Global
	GlobalSection(SolutionConfigurationPlatforms) = preSolution
		Debug|Any CPU = Debug|Any CPU
		Release|Any CPU = Release|Any CPU
	EndGlobalSection
	GlobalSection(ProjectConfigurationPlatforms) = postSolution
		{57699BDE-77ED-4B17-934B-526F5470B1A3}.Debug|Any CPU.ActiveCfg = Debug|Any CPU
		{57699BDE-77ED-4B17-934B-526F5470B1A3}.Debug|Any CPU.Build.0 = Debug|Any CPU
		{57699BDE-77ED-4B17-934B-526F5470B1A3}.Release|Any CPU.ActiveCfg = Release|Any CPU
		{57699BDE-77ED-4B17-934B-526F5470B1A3}.Release|Any CPU.Build.0 = Release|Any CPU
	EndGlobalSection
	GlobalSection(SolutionProperties) = preSolution
		HideSolutionNode = FALSE
	EndGlobalSection
	GlobalSection(ExtensibilityGlobals) = postSolution
		SolutionGuid = {ECC8B30A-60A1-4A97-9169-EA9510E92BF6}
	EndGlobalSection
EndGlobal
